{
  "version": "5",
  "redirects": {
    "https://esm.sh/@supabase/supabase-js@2": "https://esm.sh/@supabase/supabase-js@2.110.7"
  },
  "remote": {
    "https://esm.sh/@supabase/supabase-js@2.110.7": "271bd1acce2a284be1c9539bc960a705314a71a322a88705f0ffce88f9e7b97c"
  },
  "workspace": {
    "packageJson": {
      "dependencies": [
        "npm:@supabase/supabase-js@2.57.4",
        "npm:@testing-library/jest-dom@7",
        "npm:@testing-library/react@^16.3.2",
        "npm:@types/js-yaml@^4.0.9",
        "npm:@types/react-dom@19.1.7",
        "npm:@types/react@19.1.10",
        "npm:@vitejs/plugin-react@5.0.2",
        "npm:js-yaml@^5.2.1",
        "npm:jsdom@^24.1.3",
        "npm:react-dom@19.1.1",
        "npm:react-router-dom@^7.18.1",
        "npm:react@19.1.1",
        "npm:typescript@5.9.2",
        "npm:vite@7.1.3",
        "npm:vitest@3"
      ],
      "overrides": {
        "rollup": "npm:@rollup/wasm-node"
      }
    }
  }
}
